
Microsoft Visual Studio Solution File, Format Version 11.00
# Visual Studio 2010
Project("{FAE04EC0-301F-11D3-BF4B-00C04F79EFBC}") = "D3BitGUI", "D3BitGUI\D3BitGUI.csproj", "{9AE51E35-2A2F-4086-8E1D-6EC8630DE57D}"
EndProject
Project("{FAE04EC0-301F-11D3-BF4B-00C04F79EFBC}") = "D3Bit", "D3Bit\D3Bit.csproj", "{A6BAD0D8-4F72-4DEF-A88B-6F786A221EA4}"
EndProject
Project("{FAE04EC0-301F-11D3-BF4B-00C04F79EFBC}") = "Playground", "Tests\Playground.csproj", "{1703D1C0-C842-49D1-ACD6-713BEE9CA0DA}"
EndProject
Project("{FAE04EC0-301F-11D3-BF4B-00C04F79EFBC}") = "D3Bit.Tests", "D3Bit.Tests\D3Bit.Tests.csproj", "{516F9EDF-8C7C-4DED-AD99-F49AEE758588}"
EndProject
Project("{2150E333-8FDC-42A3-9474-1A3956D46DE8}") = "Solution Items", "Solution Items", "{CEC82B3F-51F0-4896-9BA6-9BA09EA04C92}"
	ProjectSection(SolutionItems) = preProject
		D3BitGUI.vsmdi = D3BitGUI.vsmdi
		Local.testsettings = Local.testsettings
		TraceAndTestImpact.testsettings = TraceAndTestImpact.testsettings
	EndProjectSection
EndProject
Global
	GlobalSection(TestCaseManagementSettings) = postSolution
		CategoryFile = D3BitGUI.vsmdi
	EndGlobalSection
	GlobalSection(SolutionConfigurationPlatforms) = preSolution
		Debug - Extract Tooltips|Any CPU = Debug - Extract Tooltips|Any CPU
		Debug - Extract Tooltips|Mixed Platforms = Debug - Extract Tooltips|Mixed Platforms
		Debug - Extract Tooltips|x86 = Debug - Extract Tooltips|x86
		Debug|Any CPU = Debug|Any CPU
		Debug|Mixed Platforms = Debug|Mixed Platforms
		Debug|x86 = Debug|x86
		Release|Any CPU = Release|Any CPU
		Release|Mixed Platforms = Release|Mixed Platforms
		Release|x86 = Release|x86
	EndGlobalSection
	GlobalSection(ProjectConfigurationPlatforms) = postSolution
		{9AE51E35-2A2F-4086-8E1D-6EC8630DE57D}.Debug - Extract Tooltips|Any CPU.ActiveCfg = Debug|x86
		{9AE51E35-2A2F-4086-8E1D-6EC8630DE57D}.Debug - Extract Tooltips|Mixed Platforms.ActiveCfg = Debug|x86
		{9AE51E35-2A2F-4086-8E1D-6EC8630DE57D}.Debug - Extract Tooltips|Mixed Platforms.Build.0 = Debug|x86
		{9AE51E35-2A2F-4086-8E1D-6EC8630DE57D}.Debug - Extract Tooltips|x86.ActiveCfg = Debug|x86
		{9AE51E35-2A2F-4086-8E1D-6EC8630DE57D}.Debug - Extract Tooltips|x86.Build.0 = Debug|x86
		{9AE51E35-2A2F-4086-8E1D-6EC8630DE57D}.Debug|Any CPU.ActiveCfg = Debug|x86
		{9AE51E35-2A2F-4086-8E1D-6EC8630DE57D}.Debug|Mixed Platforms.ActiveCfg = Debug|x86
		{9AE51E35-2A2F-4086-8E1D-6EC8630DE57D}.Debug|Mixed Platforms.Build.0 = Debug|x86
		{9AE51E35-2A2F-4086-8E1D-6EC8630DE57D}.Debug|x86.ActiveCfg = Debug|x86
		{9AE51E35-2A2F-4086-8E1D-6EC8630DE57D}.Debug|x86.Build.0 = Debug|x86
		{9AE51E35-2A2F-4086-8E1D-6EC8630DE57D}.Release|Any CPU.ActiveCfg = Release|x86
		{9AE51E35-2A2F-4086-8E1D-6EC8630DE57D}.Release|Mixed Platforms.ActiveCfg = Release|x86
		{9AE51E35-2A2F-4086-8E1D-6EC8630DE57D}.Release|Mixed Platforms.Build.0 = Release|x86
		{9AE51E35-2A2F-4086-8E1D-6EC8630DE57D}.Release|x86.ActiveCfg = Release|x86
		{9AE51E35-2A2F-4086-8E1D-6EC8630DE57D}.Release|x86.Build.0 = Release|x86
		{A6BAD0D8-4F72-4DEF-A88B-6F786A221EA4}.Debug - Extract Tooltips|Any CPU.ActiveCfg = Debug|Any CPU
		{A6BAD0D8-4F72-4DEF-A88B-6F786A221EA4}.Debug - Extract Tooltips|Any CPU.Build.0 = Debug|Any CPU
		{A6BAD0D8-4F72-4DEF-A88B-6F786A221EA4}.Debug - Extract Tooltips|Mixed Platforms.ActiveCfg = Debug|Any CPU
		{A6BAD0D8-4F72-4DEF-A88B-6F786A221EA4}.Debug - Extract Tooltips|Mixed Platforms.Build.0 = Debug|Any CPU
		{A6BAD0D8-4F72-4DEF-A88B-6F786A221EA4}.Debug - Extract Tooltips|x86.ActiveCfg = Debug|Any CPU
		{A6BAD0D8-4F72-4DEF-A88B-6F786A221EA4}.Debug|Any CPU.ActiveCfg = Debug|Any CPU
		{A6BAD0D8-4F72-4DEF-A88B-6F786A221EA4}.Debug|Any CPU.Build.0 = Debug|Any CPU
		{A6BAD0D8-4F72-4DEF-A88B-6F786A221EA4}.Debug|Mixed Platforms.ActiveCfg = Debug|Any CPU
		{A6BAD0D8-4F72-4DEF-A88B-6F786A221EA4}.Debug|Mixed Platforms.Build.0 = Debug|Any CPU
		{A6BAD0D8-4F72-4DEF-A88B-6F786A221EA4}.Debug|x86.ActiveCfg = Debug|Any CPU
		{A6BAD0D8-4F72-4DEF-A88B-6F786A221EA4}.Release|Any CPU.ActiveCfg = Release|Any CPU
		{A6BAD0D8-4F72-4DEF-A88B-6F786A221EA4}.Release|Any CPU.Build.0 = Release|Any CPU
		{A6BAD0D8-4F72-4DEF-A88B-6F786A221EA4}.Release|Mixed Platforms.ActiveCfg = Release|Any CPU
		{A6BAD0D8-4F72-4DEF-A88B-6F786A221EA4}.Release|Mixed Platforms.Build.0 = Release|Any CPU
		{A6BAD0D8-4F72-4DEF-A88B-6F786A221EA4}.Release|x86.ActiveCfg = Release|Any CPU
		{1703D1C0-C842-49D1-ACD6-713BEE9CA0DA}.Debug - Extract Tooltips|Any CPU.ActiveCfg = Debug - Extract Tooltips|x86
		{1703D1C0-C842-49D1-ACD6-713BEE9CA0DA}.Debug - Extract Tooltips|Mixed Platforms.ActiveCfg = Debug - Extract Tooltips|x86
		{1703D1C0-C842-49D1-ACD6-713BEE9CA0DA}.Debug - Extract Tooltips|Mixed Platforms.Build.0 = Debug - Extract Tooltips|x86
		{1703D1C0-C842-49D1-ACD6-713BEE9CA0DA}.Debug - Extract Tooltips|x86.ActiveCfg = Debug - Extract Tooltips|x86
		{1703D1C0-C842-49D1-ACD6-713BEE9CA0DA}.Debug - Extract Tooltips|x86.Build.0 = Debug - Extract Tooltips|x86
		{1703D1C0-C842-49D1-ACD6-713BEE9CA0DA}.Debug|Any CPU.ActiveCfg = Debug|x86
		{1703D1C0-C842-49D1-ACD6-713BEE9CA0DA}.Debug|Mixed Platforms.ActiveCfg = Debug|x86
		{1703D1C0-C842-49D1-ACD6-713BEE9CA0DA}.Debug|Mixed Platforms.Build.0 = Debug|x86
		{1703D1C0-C842-49D1-ACD6-713BEE9CA0DA}.Debug|x86.ActiveCfg = Debug|x86
		{1703D1C0-C842-49D1-ACD6-713BEE9CA0DA}.Debug|x86.Build.0 = Debug|x86
		{1703D1C0-C842-49D1-ACD6-713BEE9CA0DA}.Release|Any CPU.ActiveCfg = Release|x86
		{1703D1C0-C842-49D1-ACD6-713BEE9CA0DA}.Release|Mixed Platforms.ActiveCfg = Release|x86
		{1703D1C0-C842-49D1-ACD6-713BEE9CA0DA}.Release|Mixed Platforms.Build.0 = Release|x86
		{1703D1C0-C842-49D1-ACD6-713BEE9CA0DA}.Release|x86.ActiveCfg = Release|x86
		{1703D1C0-C842-49D1-ACD6-713BEE9CA0DA}.Release|x86.Build.0 = Release|x86
		{516F9EDF-8C7C-4DED-AD99-F49AEE758588}.Debug - Extract Tooltips|Any CPU.ActiveCfg = Debug|Any CPU
		{516F9EDF-8C7C-4DED-AD99-F49AEE758588}.Debug - Extract Tooltips|Any CPU.Build.0 = Debug|Any CPU
		{516F9EDF-8C7C-4DED-AD99-F49AEE758588}.Debug - Extract Tooltips|Mixed Platforms.ActiveCfg = Debug|Any CPU
		{516F9EDF-8C7C-4DED-AD99-F49AEE758588}.Debug - Extract Tooltips|Mixed Platforms.Build.0 = Debug|Any CPU
		{516F9EDF-8C7C-4DED-AD99-F49AEE758588}.Debug - Extract Tooltips|x86.ActiveCfg = Debug|Any CPU
		{516F9EDF-8C7C-4DED-AD99-F49AEE758588}.Debug|Any CPU.ActiveCfg = Debug|Any CPU
		{516F9EDF-8C7C-4DED-AD99-F49AEE758588}.Debug|Any CPU.Build.0 = Debug|Any CPU
		{516F9EDF-8C7C-4DED-AD99-F49AEE758588}.Debug|Mixed Platforms.ActiveCfg = Debug|Any CPU
		{516F9EDF-8C7C-4DED-AD99-F49AEE758588}.Debug|Mixed Platforms.Build.0 = Debug|Any CPU
		{516F9EDF-8C7C-4DED-AD99-F49AEE758588}.Debug|x86.ActiveCfg = Debug|Any CPU
		{516F9EDF-8C7C-4DED-AD99-F49AEE758588}.Release|Any CPU.ActiveCfg = Release|Any CPU
		{516F9EDF-8C7C-4DED-AD99-F49AEE758588}.Release|Any CPU.Build.0 = Release|Any CPU
		{516F9EDF-8C7C-4DED-AD99-F49AEE758588}.Release|Mixed Platforms.ActiveCfg = Release|Any CPU
		{516F9EDF-8C7C-4DED-AD99-F49AEE758588}.Release|Mixed Platforms.Build.0 = Release|Any CPU
		{516F9EDF-8C7C-4DED-AD99-F49AEE758588}.Release|x86.ActiveCfg = Release|Any CPU
	EndGlobalSection
	GlobalSection(SolutionProperties) = preSolution
		HideSolutionNode = FALSE
	EndGlobalSection
EndGlobal
